
Microsoft Visual Studio Solution File, Format Version 11.00
# Visual Studio 2010
Project("{FAE04EC0-301F-11D3-BF4B-00C04F79EFBC}") = "Hospital.web", "Hospital.web.csproj", "{199E4A76-4D18-4E53-88DB-541A9DA3EB23}"
EndProject
Global
	GlobalSection(SolutionConfigurationPlatforms) = preSolution
		Debug|Any CPU = Debug|Any CPU
		Release|Any CPU = Release|Any CPU
	EndGlobalSection
	GlobalSection(ProjectConfigurationPlatforms) = postSolution
		{199E4A76-4D18-4E53-88DB-541A9DA3EB23}.Debug|Any CPU.ActiveCfg = Debug|Any CPU
		{199E4A76-4D18-4E53-88DB-541A9DA3EB23}.Debug|Any CPU.Build.0 = Debug|Any CPU
		{199E4A76-4D18-4E53-88DB-541A9DA3EB23}.Release|Any CPU.ActiveCfg = Release|Any CPU
		{199E4A76-4D18-4E53-88DB-541A9DA3EB23}.Release|Any CPU.Build.0 = Release|Any CPU
	EndGlobalSection
	GlobalSection(SolutionProperties) = preSolution
		HideSolutionNode = FALSE
	EndGlobalSection
EndGlobal
